// !$*UTF8*$!
{
	archiveVersion = 1;
	classes = {
	};
	objectVersion = 46;
	objects = {

/* Begin PBXBuildFile section */
		A5DA60831B4450170097CB9E /* AppDelegate.swift in Sources */ = {isa = PBXBuildFile; fileRef = A5DA60821B4450170097CB9E /* AppDelegate.swift */; };
		A5DA60861B4450170097CB9E /* todolist.xcdatamodeld in Sources */ = {isa = PBXBuildFile; fileRef = A5DA60841B4450170097CB9E /* todolist.xcdatamodeld */; };
		A5DA60881B4450170097CB9E /* ViewController.swift in Sources */ = {isa = PBXBuildFile; fileRef = A5DA60871B4450170097CB9E /* ViewController.swift */; };
		A5DA608B1B4450170097CB9E /* Main.storyboard in Resources */ = {isa = PBXBuildFile; fileRef = A5DA60891B4450170097CB9E /* Main.storyboard */; };
		A5DA608D1B4450170097CB9E /* Images.xcassets in Resources */ = {isa = PBXBuildFile; fileRef = A5DA608C1B4450170097CB9E /* Images.xcassets */; };
		A5DA60901B4450170097CB9E /* LaunchScreen.xib in Resources */ = {isa = PBXBuildFile; fileRef = A5DA608E1B4450170097CB9E /* LaunchScreen.xib */; };
		A5DA609C1B4450170097CB9E /* todolistTests.swift in Sources */ = {isa = PBXBuildFile; fileRef = A5DA609B1B4450170097CB9E /* todolistTests.swift */; };
/* End PBXBuildFile section */

/* Begin PBXContainerItemProxy section */
		A5DA60961B4450170097CB9E /* PBXContainerItemProxy */ = {
			isa = PBXContainerItemProxy;
			containerPortal = A5DA60751B4450170097CB9E /* Project object */;
			proxyType = 1;
			remoteGlobalIDString = A5DA607C1B4450170097CB9E;
			remoteInfo = todolist;
		};
/* End PBXContainerItemProxy section */

/* Begin PBXFileReference section */
		A5DA607D1B4450170097CB9E /* todolist.app */ = {isa = PBXFileReference; explicitFileType = wrapper.application; includeInIndex = 0; path = todolist.app; sourceTree = BUILT_PRODUCTS_DIR; };
		A5DA60811B4450170097CB9E /* Info.plist */ = {isa = PBXFileReference; lastKnownFileType = text.plist.xml; path = Info.plist; sourceTree = "<group>"; };
		A5DA60821B4450170097CB9E /* AppDelegate.swift */ = {isa = PBXFileReference; lastKnownFileType = sourcecode.swift; path = AppDelegate.swift; sourceTree = "<group>"; };
		A5DA60851B4450170097CB9E /* todolist.xcdatamodel */ = {isa = PBXFileReference; lastKnownFileType = wrapper.xcdatamodel; path = todolist.xcdatamodel; sourceTree = "<group>"; };
		A5DA60871B4450170097CB9E /* ViewController.swift */ = {isa = PBXFileReference; lastKnownFileType = sourcecode.swift; path = ViewController.swift; sourceTree = "<group>"; };
		A5DA608A1B4450170097CB9E /* Base */ = {isa = PBXFileReference; lastKnownFileType = file.storyboard; name = Base; path = Base.lproj/Main.storyboard; sourceTree = "<group>"; };
		A5DA608C1B4450170097CB9E /* Images.xcassets */ = {isa = PBXFileReference; lastKnownFileType = folder.assetcatalog; path = Images.xcassets; sourceTree = "<group>"; };
		A5DA608F1B4450170097CB9E /* Base */ = {isa = PBXFileReference; lastKnownFileType = file.xib; name = Base; path = Base.lproj/LaunchScreen.xib; sourceTree = "<group>"; };
		A5DA60951B4450170097CB9E /* todolistTests.xctest */ = {isa = PBXFileReference; explicitFileType = wrapper.cfbundle; includeInIndex = 0; path = todolistTests.xctest; sourceTree = BUILT_PRODUCTS_DIR; };
		A5DA609A1B4450170097CB9E /* Info.plist */ = {isa = PBXFileReference; lastKnownFileType = text.plist.xml; path = Info.plist; sourceTree = "<group>"; };
		A5DA609B1B4450170097CB9E /* todolistTests.swift */ = {isa = PBXFileReference; lastKnownFileType = sourcecode.swift; path = todolistTests.swift; sourceTree = "<group>"; };
/* End PBXFileReference section */

/* Begin PBXFrameworksBuildPhase section */
		A5DA607A1B4450170097CB9E /* Frameworks */ = {
			isa = PBXFrameworksBuildPhase;
			buildActionMask = 2147483647;
			files = (
			);
			runOnlyForDeploymentPostprocessing = 0;
		};
		A5DA60921B4450170097CB9E /* Frameworks */ = {
			isa = PBXFrameworksBuildPhase;
			buildActionMask = 2147483647;
			files = (
			);
			runOnlyForDeploymentPostprocessing = 0;
		};
/* End PBXFrameworksBuildPhase section */

/* Begin PBXGroup section */
		A5DA60741B4450170097CB9E = {
			isa = PBXGroup;
			children = (
				A5DA607F1B4450170097CB9E /* todolist */,
				A5DA60981B4450170097CB9E /* todolistTests */,
				A5DA607E1B4450170097CB9E /* Products */,
			);
			sourceTree = "<group>";
		};
		A5DA607E1B4450170097CB9E /* Products */ = {
			isa = PBXGroup;
			children = (
				A5DA607D1B4450170097CB9E /* todolist.app */,
				A5DA60951B4450170097CB9E /* todolistTests.xctest */,
			);
			name = Products;
			sourceTree = "<group>";
		};
		A5DA607F1B4450170097CB9E /* todolist */ = {
			isa = PBXGroup;
			children = (
				A5DA60821B4450170097CB9E /* AppDelegate.swift */,
				A5DA60871B4450170097CB9E /* ViewController.swift */,
				A5DA60891B4450170097CB9E /* Main.storyboard */,
				A5DA608C1B4450170097CB9E /* Images.xcassets */,
				A5DA608E1B4450170097CB9E /* LaunchScreen.xib */,
				A5DA60841B4450170097CB9E /* todolist.xcdatamodeld */,
				A5DA60801B4450170097CB9E /* Supporting Files */,
			);
			path = todolist;
			sourceTree = "<group>";
		};
		A5DA60801B4450170097CB9E /* Supporting Files */ = {
			isa = PBXGroup;
			children = (
				A5DA60811B4450170097CB9E /* Info.plist */,
			);
			name = "Supporting Files";
			sourceTree = "<group>";
		};
		A5DA60981B4450170097CB9E /* todolistTests */ = {
			isa = PBXGroup;
			children = (
				A5DA609B1B4450170097CB9E /* todolistTests.swift */,
				A5DA60991B4450170097CB9E /* Supporting Files */,
			);
			path = todolistTests;
			sourceTree = "<group>";
		};
		A5DA60991B4450170097CB9E /* Supporting Files */ = {
			isa = PBXGroup;
			children = (
				A5DA609A1B4450170097CB9E /* Info.plist */,
			);
			name = "Supporting Files";
			sourceTree = "<group>";
		};
/* End PBXGroup section */

/* Begin PBXNativeTarget section */
		A5DA607C1B4450170097CB9E /* todolist */ = {
			isa = PBXNativeTarget;
			buildConfigurationList = A5DA609F1B4450170097CB9E /* Build configuration list for PBXNativeTarget "todolist" */;
			buildPhases = (
				A5DA60791B4450170097CB9E /* Sources */,
				A5DA607A1B4450170097CB9E /* Frameworks */,
				A5DA607B1B4450170097CB9E /* Resources */,
			);
			buildRules = (
			);
			dependencies = (
			);
			name = todolist;
			productName = todolist;
			productReference = A5DA607D1B4450170097CB9E /* todolist.app */;
			productType = "com.apple.product-type.application";
		};
		A5DA60941B4450170097CB9E /* todolistTests */ = {
			isa = PBXNativeTarget;
			buildConfigurationList = A5DA60A21B4450170097CB9E /* Build configuration list for PBXNativeTarget "todolistTests" */;
			buildPhases = (
				A5DA60911B4450170097CB9E /* Sources */,
				A5DA60921B4450170097CB9E /* Frameworks */,
				A5DA60931B4450170097CB9E /* Resources */,
			);
			buildRules = (
			);
			dependencies = (
				A5DA60971B4450170097CB9E /* PBXTargetDependency */,
			);
			name = todolistTests;
			productName = todolistTests;
			productReference = A5DA60951B4450170097CB9E /* todolistTests.xctest */;
			productType = "com.apple.product-type.bundle.unit-test";
		};
/* End PBXNativeTarget section */

/* Begin PBXProject section */
		A5DA60751B4450170097CB9E /* Project object */ = {
			isa = PBXProject;
			attributes = {
				LastUpgradeCheck = 0630;
				ORGANIZATIONNAME = "村上 雅典";
				TargetAttributes = {
					A5DA607C1B4450170097CB9E = {
						CreatedOnToolsVersion = 6.3.2;
					};
					A5DA60941B4450170097CB9E = {
						CreatedOnToolsVersion = 6.3.2;
						TestTargetID = A5DA607C1B4450170097CB9E;
					};
				};
			};
			buildConfigurationList = A5DA60781B4450170097CB9E /* Build configuration list for PBXProject "todolist" */;
			compatibilityVersion = "Xcode 3.2";
			developmentRegion = English;
			hasScannedForEncodings = 0;
			knownRegions = (
				en,
				Base,
			);
			mainGroup = A5DA60741B4450170097CB9E;
			productRefGroup = A5DA607E1B4450170097CB9E /* Products */;
			projectDirPath = "";
			projectRoot = "";
			targets = (
				A5DA607C1B4450170097CB9E /* todolist */,
				A5DA60941B4450170097CB9E /* todolistTests */,
			);
		};
/* End PBXProject section */

/* Begin PBXResourcesBuildPhase section */
		A5DA607B1B4450170097CB9E /* Resources */ = {
			isa = PBXResourcesBuildPhase;
			buildActionMask = 2147483647;
			files = (
				A5DA608B1B4450170097CB9E /* Main.storyboard in Resources */,
				A5DA60901B4450170097CB9E /* LaunchScreen.xib in Resources */,
				A5DA608D1B4450170097CB9E /* Images.xcassets in Resources */,
			);
			runOnlyForDeploymentPostprocessing = 0;
		};
		A5DA60931B4450170097CB9E /* Resources */ = {
			isa = PBXResourcesBuildPhase;
			buildActionMask = 2147483647;
			files = (
			);
			runOnlyForDeploymentPostprocessing = 0;
		};
/* End PBXResourcesBuildPhase section */

/* Begin PBXSourcesBuildPhase section */
		A5DA60791B4450170097CB9E /* Sources */ = {
			isa = PBXSourcesBuildPhase;
			buildActionMask = 2147483647;
			files = (
				A5DA60881B4450170097CB9E /* ViewController.swift in Sources */,
				A5DA60831B4450170097CB9E /* AppDelegate.swift in Sources */,
				A5DA60861B4450170097CB9E /* todolist.xcdatamodeld in Sources */,
			);
			runOnlyForDeploymentPostprocessing = 0;
		};
		A5DA60911B4450170097CB9E /* Sources */ = {
			isa = PBXSourcesBuildPhase;
			buildActionMask = 2147483647;
			files = (
				A5DA609C1B4450170097CB9E /* todolistTests.swift in Sources */,
			);
			runOnlyForDeploymentPostprocessing = 0;
		};
/* End PBXSourcesBuildPhase section */

/* Begin PBXTargetDependency section */
		A5DA60971B4450170097CB9E /* PBXTargetDependency */ = {
			isa = PBXTargetDependency;
			target = A5DA607C1B4450170097CB9E /* todolist */;
			targetProxy = A5DA60961B4450170097CB9E /* PBXContainerItemProxy */;
		};
/* End PBXTargetDependency section */

/* Begin PBXVariantGroup section */
		A5DA60891B4450170097CB9E /* Main.storyboard */ = {
			isa = PBXVariantGroup;
			children = (
				A5DA608A1B4450170097CB9E /* Base */,
			);
			name = Main.storyboard;
			sourceTree = "<group>";
		};
		A5DA608E1B4450170097CB9E /* LaunchScreen.xib */ = {
			isa = PBXVariantGroup;
			children = (
				A5DA608F1B4450170097CB9E /* Base */,
			);
			name = LaunchScreen.xib;
			sourceTree = "<group>";
		};
/* End PBXVariantGroup section */

/* Begin XCBuildConfiguration section */
		A5DA609D1B4450170097CB9E /* Debug */ = {
			isa = XCBuildConfiguration;
			buildSettings = {
				ALWAYS_SEARCH_USER_PATHS = NO;
				CLANG_CXX_LANGUAGE_STANDARD = "gnu++0x";
				CLANG_CXX_LIBRARY = "libc++";
				CLANG_ENABLE_MODULES = YES;
				CLANG_ENABLE_OBJC_ARC = YES;
				CLANG_WARN_BOOL_CONVERSION = YES;
				CLANG_WARN_CONSTANT_CONVERSION = YES;
				CLANG_WARN_DIRECT_OBJC_ISA_USAGE = YES_ERROR;
				CLANG_WARN_EMPTY_BODY = YES;
				CLANG_WARN_ENUM_CONVERSION = YES;
				CLANG_WARN_INT_CONVERSION = YES;
				CLANG_WARN_OBJC_ROOT_CLASS = YES_ERROR;
				CLANG_WARN_UNREACHABLE_CODE = YES;
				CLANG_WARN__DUPLICATE_METHOD_MATCH = YES;
				"CODE_SIGN_IDENTITY[sdk=iphoneos*]" = "iPhone Developer";
				COPY_PHASE_STRIP = NO;
				DEBUG_INFORMATION_FORMAT = "dwarf-with-dsym";
				ENABLE_STRICT_OBJC_MSGSEND = YES;
				GCC_C_LANGUAGE_STANDARD = gnu99;
				GCC_DYNAMIC_NO_PIC = NO;
				GCC_NO_COMMON_BLOCKS = YES;
				GCC_OPTIMIZATION_LEVEL = 0;
				GCC_PREPROCESSOR_DEFINITIONS = (
					"DEBUG=1",
					"$(inherited)",
				);
				GCC_SYMBOLS_PRIVATE_EXTERN = NO;
				GCC_WARN_64_TO_32_BIT_CONVERSION = YES;
				GCC_WARN_ABOUT_RETURN_TYPE = YES_ERROR;
				GCC_WARN_UNDECLARED_SELECTOR = YES;
				GCC_WARN_UNINITIALIZED_AUTOS = YES_AGGRESSIVE;
				GCC_WARN_UNUSED_FUNCTION = YES;
				GCC_WARN_UNUSED_VARIABLE = YES;
				IPHONEOS_DEPLOYMENT_TARGET = 8.3;
				MTL_ENABLE_DEBUG_INFO = YES;
				ONLY_ACTIVE_ARCH = YES;
				SDKROOT = iphoneos;
				SWIFT_OPTIMIZATION_LEVEL = "-Onone";
			};
			name = Debug;
		};
		A5DA609E1B4450170097CB9E /* Release */ = {
			isa = XCBuildConfiguration;
			buildSettings = {
				ALWAYS_SEARCH_USER_PATHS = NO;
				CLANG_CXX_LANGUAGE_STANDARD = "gnu++0x";
				CLANG_CXX_LIBRARY = "libc++";
				CLANG_ENABLE_MODULES = YES;
				CLANG_ENABLE_OBJC_ARC = YES;
				CLANG_WARN_BOOL_CONVERSION = YES;
				CLANG_WARN_CONSTANT_CONVERSION = YES;
				CLANG_WARN_DIRECT_OBJC_ISA_USAGE = YES_ERROR;
				CLANG_WARN_EMPTY_BODY = YES;
				CLANG_WARN_ENUM_CONVERSION = YES;
				CLANG_WARN_INT_CONVERSION = YES;
				CLANG_WARN_OBJC_ROOT_CLASS = YES_ERROR;
				CLANG_WARN_UNREACHABLE_CODE = YES;
				CLANG_WARN__DUPLICATE_METHOD_MATCH = YES;
				"CODE_SIGN_IDENTITY[sdk=iphoneos*]" = "iPhone Developer";
				COPY_PHASE_STRIP = NO;
				DEBUG_INFORMATION_FORMAT = "dwarf-with-dsym";
				ENABLE_NS_ASSERTIONS = NO;
				ENABLE_STRICT_OBJC_MSGSEND = YES;
				GCC_C_LANGUAGE_STANDARD = gnu99;
				GCC_NO_COMMON_BLOCKS = YES;
				GCC_WARN_64_TO_32_BIT_CONVERSION = YES;
				GCC_WARN_ABOUT_RETURN_TYPE = YES_ERROR;
				GCC_WARN_UNDECLARED_SELECTOR = YES;
				GCC_WARN_UNINITIALIZED_AUTOS = YES_AGGRESSIVE;
				GCC_WARN_UNUSED_FUNCTION = YES;
				GCC_WARN_UNUSED_VARIABLE = YES;
				IPHONEOS_DEPLOYMENT_TARGET = 8.3;
				MTL_ENABLE_DEBUG_INFO = NO;
				SDKROOT = iphoneos;
				VALIDATE_PRODUCT = YES;
			};
			name = Release;
		};
		A5DA60A01B4450170097CB9E /* Debug */ = {
			isa = XCBuildConfiguration;
			buildSettings = {
				ASSETCATALOG_COMPILER_APPICON_NAME = AppIcon;
				INFOPLIST_FILE = todolist/Info.plist;
				LD_RUNPATH_SEARCH_PATHS = "$(inherited) @executable_path/Frameworks";
				PRODUCT_NAME = "$(TARGET_NAME)";
			};
			name = Debug;
		};
		A5DA60A11B4450170097CB9E /* Release */ = {
			isa = XCBuildConfiguration;
			buildSettings = {
				ASSETCATALOG_COMPILER_APPICON_NAME = AppIcon;
				INFOPLIST_FILE = todolist/Info.plist;
				LD_RUNPATH_SEARCH_PATHS = "$(inherited) @executable_path/Frameworks";
				PRODUCT_NAME = "$(TARGET_NAME)";
			};
			name = Release;
		};
		A5DA60A31B4450170097CB9E /* Debug */ = {
			isa = XCBuildConfiguration;
			buildSettings = {
				BUNDLE_LOADER = "$(TEST_HOST)";
				FRAMEWORK_SEARCH_PATHS = (
					"$(SDKROOT)/Developer/Library/Frameworks",
					"$(inherited)",
				);
				GCC_PREPROCESSOR_DEFINITIONS = (
					"DEBUG=1",
					"$(inherited)",
				);
				INFOPLIST_FILE = todolistTests/Info.plist;
				LD_RUNPATH_SEARCH_PATHS = "$(inherited) @executable_path/Frameworks @loader_path/Frameworks";
				PRODUCT_NAME = "$(TARGET_NAME)";
				TEST_HOST = "$(BUILT_PRODUCTS_DIR)/todolist.app/todolist";
			};
			name = Debug;
		};
		A5DA60A41B4450170097CB9E /* Release */ = {
			isa = XCBuildConfiguration;
			buildSettings = {
				BUNDLE_LOADER = "$(TEST_HOST)";
				FRAMEWORK_SEARCH_PATHS = (
					"$(SDKROOT)/Developer/Library/Frameworks",
					"$(inherited)",
				);
				INFOPLIST_FILE = todolistTests/Info.plist;
				LD_RUNPATH_SEARCH_PATHS = "$(inherited) @executable_path/Frameworks @loader_path/Frameworks";
				PRODUCT_NAME = "$(TARGET_NAME)";
				TEST_HOST = "$(BUILT_PRODUCTS_DIR)/todolist.app/todolist";
			};
			name = Release;
		};
/* End XCBuildConfiguration section */

/* Begin XCConfigurationList section */
		A5DA60781B4450170097CB9E /* Build configuration list for PBXProject "todolist" */ = {
			isa = XCConfigurationList;
			buildConfigurations = (
				A5DA609D1B4450170097CB9E /* Debug */,
				A5DA609E1B4450170097CB9E /* Release */,
			);
			defaultConfigurationIsVisible = 0;
			defaultConfigurationName = Release;
		};
		A5DA609F1B4450170097CB9E /* Build configuration list for PBXNativeTarget "todolist" */ = {
			isa = XCConfigurationList;
			buildConfigurations = (
				A5DA60A01B4450170097CB9E /* Debug */,
				A5DA60A11B4450170097CB9E /* Release */,
			);
			defaultConfigurationIsVisible = 0;
		};
		A5DA60A21B4450170097CB9E /* Build configuration list for PBXNativeTarget "todolistTests" */ = {
			isa = XCConfigurationList;
			buildConfigurations = (
				A5DA60A31B4450170097CB9E /* Debug */,
				A5DA60A41B4450170097CB9E /* Release */,
			);
			defaultConfigurationIsVisible = 0;
		};
/* End XCConfigurationList section */

/* Begin XCVersionGroup section */
		A5DA60841B4450170097CB9E /* todolist.xcdatamodeld */ = {
			isa = XCVersionGroup;
			children = (
				A5DA60851B4450170097CB9E /* todolist.xcdatamodel */,
			);
			currentVersion = A5DA60851B4450170097CB9E /* todolist.xcdatamodel */;
			path = todolist.xcdatamodeld;
			sourceTree = "<group>";
			versionGroupType = wrapper.xcdatamodel;
		};
/* End XCVersionGroup section */
	};
	rootObject = A5DA60751B4450170097CB9E /* Project object */;
}
